
Microsoft Visual Studio Solution File, Format Version 12.00
# Visual Studio Version 17
VisualStudioVersion = 17.0.32112.339
MinimumVisualStudioVersion = 10.0.40219.1
Project("{FAE04EC0-301F-11D3-BF4B-00C04F79EFBC}") = "RandomSquare", "RandomSquare\RandomSquare.csproj", "{53B1B2CD-6C1E-4A71-AFB9-40B0901BDDF1}"
EndProject
Global
	GlobalSection(SolutionConfigurationPlatforms) = preSolution
		Debug|Any CPU = Debug|Any CPU
		Release|Any CPU = Release|Any CPU
	EndGlobalSection
	GlobalSection(ProjectConfigurationPlatforms) = postSolution
		{53B1B2CD-6C1E-4A71-AFB9-40B0901BDDF1}.Debug|Any CPU.ActiveCfg = Debug|Any CPU
		{53B1B2CD-6C1E-4A71-AFB9-40B0901BDDF1}.Debug|Any CPU.Build.0 = Debug|Any CPU
		{53B1B2CD-6C1E-4A71-AFB9-40B0901BDDF1}.Release|Any CPU.ActiveCfg = Release|Any CPU
		{53B1B2CD-6C1E-4A71-AFB9-40B0901BDDF1}.Release|Any CPU.Build.0 = Release|Any CPU
	EndGlobalSection
	GlobalSection(SolutionProperties) = preSolution
		HideSolutionNode = FALSE
	EndGlobalSection
	GlobalSection(ExtensibilityGlobals) = postSolution
		SolutionGuid = {7A243152-1E67-4181-ADD8-88AF9CB9771A}
	EndGlobalSection
EndGlobal
